
Microsoft Visual Studio Solution File, Format Version 12.00
# Visual Studio Version 17
VisualStudioVersion = 17.0.31903.59
MinimumVisualStudioVersion = 10.0.40219.1
Project("{FAE04EC0-301F-11D3-BF4B-00C04F79EFBC}") = "Dakoq.WebApp", "src\Dakoq.WebApp\Dakoq.WebApp\Dakoq.WebApp.csproj", "{DCAC708F-D70A-4576-B452-24AC3D203C96}"
EndProject
Project("{FAE04EC0-301F-11D3-BF4B-00C04F79EFBC}") = "Dakoq.WebApp.Client", "src\Dakoq.WebApp\Dakoq.WebApp.Client\Dakoq.WebApp.Client.csproj", "{8C1381F4-D096-4904-A9EE-A7AB11A4BFCC}"
EndProject
Project("{2150E333-8FDC-42A3-9474-1A3956D46DE8}") = "ソリューション項目", "ソリューション項目", "{0FDE7082-2251-41F2-ABC9-E15E716E9C74}"
	ProjectSection(SolutionItems) = preProject
		.gitignore = .gitignore
		docker-compose.yml = docker-compose.yml
	EndProjectSection
EndProject
Project("{FAE04EC0-301F-11D3-BF4B-00C04F79EFBC}") = "Dakoq.Repository", "src\Dakoq.Repository\Dakoq.Repository.csproj", "{B1A82E72-9950-4C1D-8478-2663FFD974CE}"
EndProject
Project("{FAE04EC0-301F-11D3-BF4B-00C04F79EFBC}") = "Dakoq.Domain", "src\Dakoq.Domain\Dakoq.Domain.csproj", "{2D9E3516-167E-43A8-A626-2E4AF6AFB471}"
EndProject
Project("{FAE04EC0-301F-11D3-BF4B-00C04F79EFBC}") = "Dakoq.Infrastructure", "src\Dakoq.Infrastructure\Dakoq.Infrastructure.csproj", "{5D426302-9B0A-407D-84C1-0D8B55506A62}"
EndProject
Global
	GlobalSection(SolutionConfigurationPlatforms) = preSolution
		Debug|Any CPU = Debug|Any CPU
		Release|Any CPU = Release|Any CPU
	EndGlobalSection
	GlobalSection(ProjectConfigurationPlatforms) = postSolution
		{DCAC708F-D70A-4576-B452-24AC3D203C96}.Debug|Any CPU.ActiveCfg = Debug|Any CPU
		{DCAC708F-D70A-4576-B452-24AC3D203C96}.Debug|Any CPU.Build.0 = Debug|Any CPU
		{DCAC708F-D70A-4576-B452-24AC3D203C96}.Release|Any CPU.ActiveCfg = Release|Any CPU
		{DCAC708F-D70A-4576-B452-24AC3D203C96}.Release|Any CPU.Build.0 = Release|Any CPU
		{8C1381F4-D096-4904-A9EE-A7AB11A4BFCC}.Debug|Any CPU.ActiveCfg = Debug|Any CPU
		{8C1381F4-D096-4904-A9EE-A7AB11A4BFCC}.Debug|Any CPU.Build.0 = Debug|Any CPU
		{8C1381F4-D096-4904-A9EE-A7AB11A4BFCC}.Release|Any CPU.ActiveCfg = Release|Any CPU
		{8C1381F4-D096-4904-A9EE-A7AB11A4BFCC}.Release|Any CPU.Build.0 = Release|Any CPU
		{B1A82E72-9950-4C1D-8478-2663FFD974CE}.Debug|Any CPU.ActiveCfg = Debug|Any CPU
		{B1A82E72-9950-4C1D-8478-2663FFD974CE}.Debug|Any CPU.Build.0 = Debug|Any CPU
		{B1A82E72-9950-4C1D-8478-2663FFD974CE}.Release|Any CPU.ActiveCfg = Release|Any CPU
		{B1A82E72-9950-4C1D-8478-2663FFD974CE}.Release|Any CPU.Build.0 = Release|Any CPU
		{2D9E3516-167E-43A8-A626-2E4AF6AFB471}.Debug|Any CPU.ActiveCfg = Debug|Any CPU
		{2D9E3516-167E-43A8-A626-2E4AF6AFB471}.Debug|Any CPU.Build.0 = Debug|Any CPU
		{2D9E3516-167E-43A8-A626-2E4AF6AFB471}.Release|Any CPU.ActiveCfg = Release|Any CPU
		{2D9E3516-167E-43A8-A626-2E4AF6AFB471}.Release|Any CPU.Build.0 = Release|Any CPU
		{5D426302-9B0A-407D-84C1-0D8B55506A62}.Debug|Any CPU.ActiveCfg = Debug|Any CPU
		{5D426302-9B0A-407D-84C1-0D8B55506A62}.Debug|Any CPU.Build.0 = Debug|Any CPU
		{5D426302-9B0A-407D-84C1-0D8B55506A62}.Release|Any CPU.ActiveCfg = Release|Any CPU
		{5D426302-9B0A-407D-84C1-0D8B55506A62}.Release|Any CPU.Build.0 = Release|Any CPU
	EndGlobalSection
	GlobalSection(SolutionProperties) = preSolution
		HideSolutionNode = FALSE
	EndGlobalSection
EndGlobal
